
Microsoft Visual Studio Solution File, Format Version 12.00
# Visual Studio Version 17
VisualStudioVersion = 17.14.36414.22 d17.14
MinimumVisualStudioVersion = 10.0.40219.1
Project("{FAE04EC0-301F-11D3-BF4B-00C04F79EFBC}") = "HE_THONG_QUAN_LY_CUA_HANG_TIEN_LOI_247_WINFORM", "HE_THONG_QUAN_LY_CUA_HANG_TIEN_LOI_247_WINFORM\HE_THONG_QUAN_LY_CUA_HANG_TIEN_LOI_247_WINFORM.csproj", "{DC124FEF-6459-4A53-A3A4-9DDE2AA20BE9}"
EndProject
Global
	GlobalSection(SolutionConfigurationPlatforms) = preSolution
		Debug|Any CPU = Debug|Any CPU
		Release|Any CPU = Release|Any CPU
	EndGlobalSection
	GlobalSection(ProjectConfigurationPlatforms) = postSolution
		{DC124FEF-6459-4A53-A3A4-9DDE2AA20BE9}.Debug|Any CPU.ActiveCfg = Debug|Any CPU
		{DC124FEF-6459-4A53-A3A4-9DDE2AA20BE9}.Debug|Any CPU.Build.0 = Debug|Any CPU
		{DC124FEF-6459-4A53-A3A4-9DDE2AA20BE9}.Release|Any CPU.ActiveCfg = Release|Any CPU
		{DC124FEF-6459-4A53-A3A4-9DDE2AA20BE9}.Release|Any CPU.Build.0 = Release|Any CPU
	EndGlobalSection
	GlobalSection(SolutionProperties) = preSolution
		HideSolutionNode = FALSE
	EndGlobalSection
	GlobalSection(ExtensibilityGlobals) = postSolution
		SolutionGuid = {5C00A351-6818-4771-8724-0809318FFC4A}
	EndGlobalSection
EndGlobal
